
Microsoft Visual Studio Solution File, Format Version 12.00
# Visual Studio 2012
Project("{FAE04EC0-301F-11D3-BF4B-00C04F79EFBC}") = "MvcEasyOrderSystem", "MvcEasyOrderSystem\MvcEasyOrderSystem.csproj", "{4F2D605E-EB07-43A6-8BD9-3A4AB0E252E8}"
EndProject
Project("{FAE04EC0-301F-11D3-BF4B-00C04F79EFBC}") = "MvcEasyOrderSystem.Tests", "MvcEasyOrderSystem.Tests\MvcEasyOrderSystem.Tests.csproj", "{675ABCF6-9A62-4347-AAA5-5A4B64A9EFBB}"
EndProject
Global
	GlobalSection(SolutionConfigurationPlatforms) = preSolution
		Debug|Any CPU = Debug|Any CPU
		Release|Any CPU = Release|Any CPU
	EndGlobalSection
	GlobalSection(ProjectConfigurationPlatforms) = postSolution
		{4F2D605E-EB07-43A6-8BD9-3A4AB0E252E8}.Debug|Any CPU.ActiveCfg = Debug|Any CPU
		{4F2D605E-EB07-43A6-8BD9-3A4AB0E252E8}.Debug|Any CPU.Build.0 = Debug|Any CPU
		{4F2D605E-EB07-43A6-8BD9-3A4AB0E252E8}.Release|Any CPU.ActiveCfg = Release|Any CPU
		{4F2D605E-EB07-43A6-8BD9-3A4AB0E252E8}.Release|Any CPU.Build.0 = Release|Any CPU
		{675ABCF6-9A62-4347-AAA5-5A4B64A9EFBB}.Debug|Any CPU.ActiveCfg = Debug|Any CPU
		{675ABCF6-9A62-4347-AAA5-5A4B64A9EFBB}.Debug|Any CPU.Build.0 = Debug|Any CPU
		{675ABCF6-9A62-4347-AAA5-5A4B64A9EFBB}.Release|Any CPU.ActiveCfg = Release|Any CPU
		{675ABCF6-9A62-4347-AAA5-5A4B64A9EFBB}.Release|Any CPU.Build.0 = Release|Any CPU
	EndGlobalSection
	GlobalSection(SolutionProperties) = preSolution
		HideSolutionNode = FALSE
	EndGlobalSection
EndGlobal
